
Microsoft Visual Studio Solution File, Format Version 12.00
# Visual Studio Version 16
VisualStudioVersion = 16.0.30611.23
MinimumVisualStudioVersion = 10.0.40219.1
Project("{8BC9CEB8-8B4A-11D0-8D11-00A0C91BC942}") = "zad2_hackaton", "zad2_hackaton.vcxproj", "{86F8CD2E-3EC3-4C98-98A5-30799086F438}"
EndProject
Global
	GlobalSection(SolutionConfigurationPlatforms) = preSolution
		Debug|x64 = Debug|x64
		Debug|x86 = Debug|x86
		Release|x64 = Release|x64
		Release|x86 = Release|x86
	EndGlobalSection
	GlobalSection(ProjectConfigurationPlatforms) = postSolution
		{86F8CD2E-3EC3-4C98-98A5-30799086F438}.Debug|x64.ActiveCfg = Debug|x64
		{86F8CD2E-3EC3-4C98-98A5-30799086F438}.Debug|x64.Build.0 = Debug|x64
		{86F8CD2E-3EC3-4C98-98A5-30799086F438}.Debug|x86.ActiveCfg = Debug|Win32
		{86F8CD2E-3EC3-4C98-98A5-30799086F438}.Debug|x86.Build.0 = Debug|Win32
		{86F8CD2E-3EC3-4C98-98A5-30799086F438}.Release|x64.ActiveCfg = Release|x64
		{86F8CD2E-3EC3-4C98-98A5-30799086F438}.Release|x64.Build.0 = Release|x64
		{86F8CD2E-3EC3-4C98-98A5-30799086F438}.Release|x86.ActiveCfg = Release|Win32
		{86F8CD2E-3EC3-4C98-98A5-30799086F438}.Release|x86.Build.0 = Release|Win32
	EndGlobalSection
	GlobalSection(SolutionProperties) = preSolution
		HideSolutionNode = FALSE
	EndGlobalSection
	GlobalSection(ExtensibilityGlobals) = postSolution
		SolutionGuid = {8A35E42D-D179-44B9-824C-E49000A066C0}
	EndGlobalSection
EndGlobal
