
Microsoft Visual Studio Solution File, Format Version 12.00
# Visual Studio Version 16
VisualStudioVersion = 16.0.32002.261
MinimumVisualStudioVersion = 10.0.40219.1
Project("{8BC9CEB8-8B4A-11D0-8D11-00A0C91BC942}") = "imageToText", "imageToText\imageToText.vcxproj", "{DE964373-4D85-4DEE-A5DC-80F88AEB5055}"
EndProject
Global
	GlobalSection(SolutionConfigurationPlatforms) = preSolution
		Debug|x64 = Debug|x64
		Debug|x86 = Debug|x86
		Release|x64 = Release|x64
		Release|x86 = Release|x86
	EndGlobalSection
	GlobalSection(ProjectConfigurationPlatforms) = postSolution
		{DE964373-4D85-4DEE-A5DC-80F88AEB5055}.Debug|x64.ActiveCfg = Debug|x64
		{DE964373-4D85-4DEE-A5DC-80F88AEB5055}.Debug|x64.Build.0 = Debug|x64
		{DE964373-4D85-4DEE-A5DC-80F88AEB5055}.Debug|x86.ActiveCfg = Debug|Win32
		{DE964373-4D85-4DEE-A5DC-80F88AEB5055}.Debug|x86.Build.0 = Debug|Win32
		{DE964373-4D85-4DEE-A5DC-80F88AEB5055}.Release|x64.ActiveCfg = Release|x64
		{DE964373-4D85-4DEE-A5DC-80F88AEB5055}.Release|x64.Build.0 = Release|x64
		{DE964373-4D85-4DEE-A5DC-80F88AEB5055}.Release|x86.ActiveCfg = Release|Win32
		{DE964373-4D85-4DEE-A5DC-80F88AEB5055}.Release|x86.Build.0 = Release|Win32
	EndGlobalSection
	GlobalSection(SolutionProperties) = preSolution
		HideSolutionNode = FALSE
	EndGlobalSection
	GlobalSection(ExtensibilityGlobals) = postSolution
		SolutionGuid = {0CEC04BB-2B56-455C-95A5-14CA62B66BF9}
	EndGlobalSection
EndGlobal
